github.com/a-h/templ v0.2.771 h1:4KH5ykNigYGGpCe0fRJ7/hzwz72k3qFqIiiLLJskbSo=
github.com/a-h/templ v0.2.771/go.mod h1:lq48JXoUvuQrU0VThrK31yFwdRjTCnIE5bcPCM9IP1w=
github.com/google/go-cmp v0.6.0 h1:ofyhxvXcZhMsU5ulbFiLKl/XBFqE1GSq7atu8tAmTRI=
github.com/google/go-cmp v0.6.0/go.mod h1:17dUlkBOakJ0+DkrSSNjCkIjxS6bF9zb3elmeNGIjoY=
